
Microsoft Visual Studio Solution File, Format Version 12.00
# Visual Studio Version 16
VisualStudioVersion = 16.0.32228.343
MinimumVisualStudioVersion = 10.0.40219.1
Project("{8BC9CEB8-8B4A-11D0-8D11-00A0C91BC942}") = "MyBroker", "MyBroker\MyBroker.vcxproj", "{8FB11AED-5455-429E-8B87-5E7E5683ED1D}"
EndProject
Project("{8BC9CEB8-8B4A-11D0-8D11-00A0C91BC942}") = "ClientCPP", "ClientCPP\ClientCPP.vcxproj", "{1DA07605-3DC1-478A-AA0B-52EA2F6089D6}"
EndProject
Project("{FAE04EC0-301F-11D3-BF4B-00C04F79EFBC}") = "SharpClient", "SharpClient\SharpClient.csproj", "{980EED92-99BA-4745-8927-5C71C8176556}"
EndProject
Global
	GlobalSection(SolutionConfigurationPlatforms) = preSolution
		Debug|Any CPU = Debug|Any CPU
		Debug|x64 = Debug|x64
		Debug|x86 = Debug|x86
		Release|Any CPU = Release|Any CPU
		Release|x64 = Release|x64
		Release|x86 = Release|x86
	EndGlobalSection
	GlobalSection(ProjectConfigurationPlatforms) = postSolution
		{8FB11AED-5455-429E-8B87-5E7E5683ED1D}.Debug|Any CPU.ActiveCfg = Debug|Win32
		{8FB11AED-5455-429E-8B87-5E7E5683ED1D}.Debug|x64.ActiveCfg = Debug|x64
		{8FB11AED-5455-429E-8B87-5E7E5683ED1D}.Debug|x64.Build.0 = Debug|x64
		{8FB11AED-5455-429E-8B87-5E7E5683ED1D}.Debug|x86.ActiveCfg = Debug|Win32
		{8FB11AED-5455-429E-8B87-5E7E5683ED1D}.Debug|x86.Build.0 = Debug|Win32
		{8FB11AED-5455-429E-8B87-5E7E5683ED1D}.Release|Any CPU.ActiveCfg = Release|Win32
		{8FB11AED-5455-429E-8B87-5E7E5683ED1D}.Release|x64.ActiveCfg = Release|x64
		{8FB11AED-5455-429E-8B87-5E7E5683ED1D}.Release|x64.Build.0 = Release|x64
		{8FB11AED-5455-429E-8B87-5E7E5683ED1D}.Release|x86.ActiveCfg = Release|Win32
		{8FB11AED-5455-429E-8B87-5E7E5683ED1D}.Release|x86.Build.0 = Release|Win32
		{1DA07605-3DC1-478A-AA0B-52EA2F6089D6}.Debug|Any CPU.ActiveCfg = Debug|Win32
		{1DA07605-3DC1-478A-AA0B-52EA2F6089D6}.Debug|x64.ActiveCfg = Debug|x64
		{1DA07605-3DC1-478A-AA0B-52EA2F6089D6}.Debug|x64.Build.0 = Debug|x64
		{1DA07605-3DC1-478A-AA0B-52EA2F6089D6}.Debug|x86.ActiveCfg = Debug|Win32
		{1DA07605-3DC1-478A-AA0B-52EA2F6089D6}.Debug|x86.Build.0 = Debug|Win32
		{1DA07605-3DC1-478A-AA0B-52EA2F6089D6}.Release|Any CPU.ActiveCfg = Release|Win32
		{1DA07605-3DC1-478A-AA0B-52EA2F6089D6}.Release|x64.ActiveCfg = Release|x64
		{1DA07605-3DC1-478A-AA0B-52EA2F6089D6}.Release|x64.Build.0 = Release|x64
		{1DA07605-3DC1-478A-AA0B-52EA2F6089D6}.Release|x86.ActiveCfg = Release|Win32
		{1DA07605-3DC1-478A-AA0B-52EA2F6089D6}.Release|x86.Build.0 = Release|Win32
		{980EED92-99BA-4745-8927-5C71C8176556}.Debug|Any CPU.ActiveCfg = Debug|Any CPU
		{980EED92-99BA-4745-8927-5C71C8176556}.Debug|Any CPU.Build.0 = Debug|Any CPU
		{980EED92-99BA-4745-8927-5C71C8176556}.Debug|x64.ActiveCfg = Debug|Any CPU
		{980EED92-99BA-4745-8927-5C71C8176556}.Debug|x64.Build.0 = Debug|Any CPU
		{980EED92-99BA-4745-8927-5C71C8176556}.Debug|x86.ActiveCfg = Debug|Any CPU
		{980EED92-99BA-4745-8927-5C71C8176556}.Debug|x86.Build.0 = Debug|Any CPU
		{980EED92-99BA-4745-8927-5C71C8176556}.Release|Any CPU.ActiveCfg = Release|Any CPU
		{980EED92-99BA-4745-8927-5C71C8176556}.Release|Any CPU.Build.0 = Release|Any CPU
		{980EED92-99BA-4745-8927-5C71C8176556}.Release|x64.ActiveCfg = Release|Any CPU
		{980EED92-99BA-4745-8927-5C71C8176556}.Release|x64.Build.0 = Release|Any CPU
		{980EED92-99BA-4745-8927-5C71C8176556}.Release|x86.ActiveCfg = Release|Any CPU
		{980EED92-99BA-4745-8927-5C71C8176556}.Release|x86.Build.0 = Release|Any CPU
	EndGlobalSection
	GlobalSection(SolutionProperties) = preSolution
		HideSolutionNode = FALSE
	EndGlobalSection
	GlobalSection(ExtensibilityGlobals) = postSolution
		SolutionGuid = {69DB732B-A435-4E76-AF98-15AAEB24283E}
	EndGlobalSection
EndGlobal
